
Microsoft Visual Studio Solution File, Format Version 12.00
# Visual Studio 15
VisualStudioVersion = 15.0.27130.2003
MinimumVisualStudioVersion = 10.0.40219.1
Project("{FAE04EC0-301F-11D3-BF4B-00C04F79EFBC}") = "BDKrishok", "BDKrishok\BDKrishok.csproj", "{9284508D-032B-4CFC-A05E-E3EEA37A5C10}"
EndProject
Project("{FAE04EC0-301F-11D3-BF4B-00C04F79EFBC}") = "BDKrishokDA", "BDKrishokDA\BDKrishokDA.csproj", "{9B069133-927E-4725-8086-DCC07692BEE9}"
EndProject
Global
	GlobalSection(SolutionConfigurationPlatforms) = preSolution
		Debug|Any CPU = Debug|Any CPU
		Release|Any CPU = Release|Any CPU
	EndGlobalSection
	GlobalSection(ProjectConfigurationPlatforms) = postSolution
		{9284508D-032B-4CFC-A05E-E3EEA37A5C10}.Debug|Any CPU.ActiveCfg = Debug|Any CPU
		{9284508D-032B-4CFC-A05E-E3EEA37A5C10}.Debug|Any CPU.Build.0 = Debug|Any CPU
		{9284508D-032B-4CFC-A05E-E3EEA37A5C10}.Release|Any CPU.ActiveCfg = Release|Any CPU
		{9284508D-032B-4CFC-A05E-E3EEA37A5C10}.Release|Any CPU.Build.0 = Release|Any CPU
		{9B069133-927E-4725-8086-DCC07692BEE9}.Debug|Any CPU.ActiveCfg = Debug|Any CPU
		{9B069133-927E-4725-8086-DCC07692BEE9}.Debug|Any CPU.Build.0 = Debug|Any CPU
		{9B069133-927E-4725-8086-DCC07692BEE9}.Release|Any CPU.ActiveCfg = Release|Any CPU
		{9B069133-927E-4725-8086-DCC07692BEE9}.Release|Any CPU.Build.0 = Release|Any CPU
	EndGlobalSection
	GlobalSection(SolutionProperties) = preSolution
		HideSolutionNode = FALSE
	EndGlobalSection
	GlobalSection(ExtensibilityGlobals) = postSolution
		SolutionGuid = {99A01D53-ABCF-4299-B2D4-3D773159F194}
	EndGlobalSection
EndGlobal
